
Microsoft Visual Studio Solution File, Format Version 12.00
# Visual Studio 2013
VisualStudioVersion = 12.0.31101.0
MinimumVisualStudioVersion = 10.0.40219.1
Project("{2150E333-8FDC-42A3-9474-1A3956D46DE8}") = "main", "main", "{ED35C41F-47A8-4197-A08D-F80EAD2614A5}"
EndProject
Project("{2150E333-8FDC-42A3-9474-1A3956D46DE8}") = "test", "test", "{FA0FA2EE-90D7-4476-9C91-E2BEE2F5360B}"
EndProject
Project("{FAE04EC0-301F-11D3-BF4B-00C04F79EFBC}") = "Egypt.Domain", "main\Egypt.Domain\Egypt.Domain.csproj", "{69207AD8-2FF8-4276-B829-BCC2BC8CF6E8}"
EndProject
Project("{FAE04EC0-301F-11D3-BF4B-00C04F79EFBC}") = "Egypt.API", "main\Egypt.API\Egypt.API.csproj", "{6BF6F518-5AAE-468E-8E24-7A46C0290262}"
EndProject
Project("{FAE04EC0-301F-11D3-BF4B-00C04F79EFBC}") = "Egypt.API.Test", "test\Egypt.API.Test\Egypt.API.Test.csproj", "{47AD9505-416C-4DE5-943C-7A9C67DFFE6D}"
EndProject
Global
	GlobalSection(SolutionConfigurationPlatforms) = preSolution
		Debug|Any CPU = Debug|Any CPU
		Release|Any CPU = Release|Any CPU
	EndGlobalSection
	GlobalSection(ProjectConfigurationPlatforms) = postSolution
		{69207AD8-2FF8-4276-B829-BCC2BC8CF6E8}.Debug|Any CPU.ActiveCfg = Debug|Any CPU
		{69207AD8-2FF8-4276-B829-BCC2BC8CF6E8}.Debug|Any CPU.Build.0 = Debug|Any CPU
		{69207AD8-2FF8-4276-B829-BCC2BC8CF6E8}.Release|Any CPU.ActiveCfg = Release|Any CPU
		{69207AD8-2FF8-4276-B829-BCC2BC8CF6E8}.Release|Any CPU.Build.0 = Release|Any CPU
		{6BF6F518-5AAE-468E-8E24-7A46C0290262}.Debug|Any CPU.ActiveCfg = Debug|Any CPU
		{6BF6F518-5AAE-468E-8E24-7A46C0290262}.Debug|Any CPU.Build.0 = Debug|Any CPU
		{6BF6F518-5AAE-468E-8E24-7A46C0290262}.Release|Any CPU.ActiveCfg = Release|Any CPU
		{6BF6F518-5AAE-468E-8E24-7A46C0290262}.Release|Any CPU.Build.0 = Release|Any CPU
		{47AD9505-416C-4DE5-943C-7A9C67DFFE6D}.Debug|Any CPU.ActiveCfg = Debug|Any CPU
		{47AD9505-416C-4DE5-943C-7A9C67DFFE6D}.Debug|Any CPU.Build.0 = Debug|Any CPU
		{47AD9505-416C-4DE5-943C-7A9C67DFFE6D}.Release|Any CPU.ActiveCfg = Release|Any CPU
		{47AD9505-416C-4DE5-943C-7A9C67DFFE6D}.Release|Any CPU.Build.0 = Release|Any CPU
	EndGlobalSection
	GlobalSection(SolutionProperties) = preSolution
		HideSolutionNode = FALSE
	EndGlobalSection
	GlobalSection(NestedProjects) = preSolution
		{69207AD8-2FF8-4276-B829-BCC2BC8CF6E8} = {ED35C41F-47A8-4197-A08D-F80EAD2614A5}
		{6BF6F518-5AAE-468E-8E24-7A46C0290262} = {ED35C41F-47A8-4197-A08D-F80EAD2614A5}
		{47AD9505-416C-4DE5-943C-7A9C67DFFE6D} = {FA0FA2EE-90D7-4476-9C91-E2BEE2F5360B}
	EndGlobalSection
EndGlobal
